
Microsoft Visual Studio Solution File, Format Version 12.00
# Visual Studio Version 17
VisualStudioVersion = 17.2.32630.192
MinimumVisualStudioVersion = 10.0.40219.1
Project("{FAE04EC0-301F-11D3-BF4B-00C04F79EFBC}") = "Login.Register Homework 23.09.2022", "Login.Register Homework 23.09.2022\Login.Register Homework 23.09.2022.csproj", "{E9275480-7E15-493C-84DD-80C52E91D977}"
EndProject
Global
	GlobalSection(SolutionConfigurationPlatforms) = preSolution
		Debug|Any CPU = Debug|Any CPU
		Release|Any CPU = Release|Any CPU
	EndGlobalSection
	GlobalSection(ProjectConfigurationPlatforms) = postSolution
		{E9275480-7E15-493C-84DD-80C52E91D977}.Debug|Any CPU.ActiveCfg = Debug|Any CPU
		{E9275480-7E15-493C-84DD-80C52E91D977}.Debug|Any CPU.Build.0 = Debug|Any CPU
		{E9275480-7E15-493C-84DD-80C52E91D977}.Release|Any CPU.ActiveCfg = Release|Any CPU
		{E9275480-7E15-493C-84DD-80C52E91D977}.Release|Any CPU.Build.0 = Release|Any CPU
	EndGlobalSection
	GlobalSection(SolutionProperties) = preSolution
		HideSolutionNode = FALSE
	EndGlobalSection
	GlobalSection(ExtensibilityGlobals) = postSolution
		SolutionGuid = {7EDF7FEB-5863-456F-8C13-AA1F9F9919DD}
	EndGlobalSection
EndGlobal
